
Microsoft Visual Studio Solution File, Format Version 12.00
# Visual Studio 15
VisualStudioVersion = 15.0.28306.52
MinimumVisualStudioVersion = 10.0.40219.1
Project("{2150E333-8FDC-42A3-9474-1A3956D46DE8}") = "Solution Items", "Solution Items", "{4961714B-8D86-4F64-A08A-A11C5FDA1971}"
	ProjectSection(SolutionItems) = preProject
		build-kms-server.sh = build-kms-server.sh
		docker-install.sh = docker-install.sh
		InstallDocker.sh = InstallDocker.sh
		LICENSE = LICENSE
		README.md = README.md
	EndProjectSection
EndProject
Global
	GlobalSection(SolutionProperties) = preSolution
		HideSolutionNode = FALSE
	EndGlobalSection
	GlobalSection(ExtensibilityGlobals) = postSolution
		SolutionGuid = {A56A6444-D909-4D9D-80CD-91D32D8C3B6C}
	EndGlobalSection
EndGlobal
